
Microsoft Visual Studio Solution File, Format Version 12.00
# Visual Studio Version 16
VisualStudioVersion = 16.0.32428.217
MinimumVisualStudioVersion = 10.0.40219.1
Project("{FAE04EC0-301F-11D3-BF4B-00C04F79EFBC}") = "CustomCollection", "CustomCollection\CustomCollection.csproj", "{FCB1E634-4DA9-4240-98D0-46B575192D5B}"
EndProject
Project("{FAE04EC0-301F-11D3-BF4B-00C04F79EFBC}") = "BuiltIntypeCollection", "BuiltIntypeCollection\BuiltIntypeCollection.csproj", "{F2CE8BC0-8019-4384-947E-6F09EDAB6113}"
EndProject
Global
	GlobalSection(SolutionConfigurationPlatforms) = preSolution
		Debug|Any CPU = Debug|Any CPU
		Release|Any CPU = Release|Any CPU
	EndGlobalSection
	GlobalSection(ProjectConfigurationPlatforms) = postSolution
		{FCB1E634-4DA9-4240-98D0-46B575192D5B}.Debug|Any CPU.ActiveCfg = Debug|Any CPU
		{FCB1E634-4DA9-4240-98D0-46B575192D5B}.Debug|Any CPU.Build.0 = Debug|Any CPU
		{FCB1E634-4DA9-4240-98D0-46B575192D5B}.Release|Any CPU.ActiveCfg = Release|Any CPU
		{FCB1E634-4DA9-4240-98D0-46B575192D5B}.Release|Any CPU.Build.0 = Release|Any CPU
		{F2CE8BC0-8019-4384-947E-6F09EDAB6113}.Debug|Any CPU.ActiveCfg = Debug|Any CPU
		{F2CE8BC0-8019-4384-947E-6F09EDAB6113}.Debug|Any CPU.Build.0 = Debug|Any CPU
		{F2CE8BC0-8019-4384-947E-6F09EDAB6113}.Release|Any CPU.ActiveCfg = Release|Any CPU
		{F2CE8BC0-8019-4384-947E-6F09EDAB6113}.Release|Any CPU.Build.0 = Release|Any CPU
	EndGlobalSection
	GlobalSection(SolutionProperties) = preSolution
		HideSolutionNode = FALSE
	EndGlobalSection
	GlobalSection(ExtensibilityGlobals) = postSolution
		SolutionGuid = {CBEC47CD-1E73-49FB-9424-827493080D82}
	EndGlobalSection
EndGlobal
